<?xml version="1.0" encoding="utf-8"?>
<Project ToolsVersion="4.0" xmlns="http://schemas.microsoft.com/developer/msbuild/2003">
  <ItemGroup>
    <Filter Include="Исходные файлы">
      <UniqueIdentifier>{4FC737F1-C7A5-4376-A066-2A32D752A2FF}</UniqueIdentifier>
      <Extensions>cpp;c;cc;cxx;c++;cppm;ixx;def;odl;idl;hpj;bat;asm;asmx</Extensions>
    </Filter>
    <Filter Include="Файлы заголовков">
      <UniqueIdentifier>{93995380-89BD-4b04-88EB-625FBE52EBFB}</UniqueIdentifier>
      <Extensions>h;hh;hpp;hxx;h++;hm;inl;inc;ipp;xsd</Extensions>
    </Filter>
    <Filter Include="Файлы ресурсов">
      <UniqueIdentifier>{67DA6AB6-F800-4c08-8B7A-83BB121AAD01}</UniqueIdentifier>
      <Extensions>rc;ico;cur;bmp;dlg;rc2;rct;bin;rgs;gif;jpg;jpeg;jpe;resx;tiff;tif;png;wav;mfcribbon-ms</Extensions>
    </Filter>
    <Filter Include="Файлы заголовков\OpenEXR">
      <UniqueIdentifier>{26d90453-2dd5-4692-a71d-49069befc084}</UniqueIdentifier>
    </Filter>
  </ItemGroup>
  <ItemGroup>
    <ClCompile Include="SKIV_CLI.cpp">
      <Filter>Исходные файлы</Filter>
    </ClCompile>
    <ClCompile Include="Image.cpp">
      <Filter>Исходные файлы</Filter>
    </ClCompile>
    <ClCompile Include="Utility.cpp">
      <Filter>Исходные файлы</Filter>
    </ClCompile>
    <ClCompile Include="..\src\utility\DirectXTexEXR.cpp">
      <Filter>Исходные файлы</Filter>
    </ClCompile>
  </ItemGroup>
  <ItemGroup>
    <ClInclude Include="SKIV_CLI.h">
      <Filter>Файлы заголовков</Filter>
    </ClInclude>
    <ClInclude Include="Image.h">
      <Filter>Файлы заголовков</Filter>
    </ClInclude>
    <ClInclude Include="Utility.h">
      <Filter>Файлы заголовков</Filter>
    </ClInclude>
    <ClInclude Include="..\include\utility\DirectXTexEXR.h">
      <Filter>Файлы заголовков</Filter>
    </ClInclude>
    <ClInclude Include="..\include\avif\avif.h">
      <Filter>Файлы заголовков</Filter>
    </ClInclude>
    <ClInclude Include="..\packages_misc\stb_image.h">
      <Filter>Файлы заголовков</Filter>
    </ClInclude>
    <ClInclude Include="..\packages\openexr-msvc-x64.2.3.0.8788\build\native\include\OpenEXR\half.h">
      <Filter>Файлы заголовков\OpenEXR</Filter>
    </ClInclude>
    <ClInclude Include="..\packages\openexr-msvc-x64.2.3.0.8788\build\native\include\OpenEXR\halfExport.h">
      <Filter>Файлы заголовков\OpenEXR</Filter>
    </ClInclude>
    <ClInclude Include="..\packages\openexr-msvc-x64.2.3.0.8788\build\native\include\OpenEXR\halfFunction.h">
      <Filter>Файлы заголовков\OpenEXR</Filter>
    </ClInclude>
    <ClInclude Include="..\packages\openexr-msvc-x64.2.3.0.8788\build\native\include\OpenEXR\halfLimits.h">
      <Filter>Файлы заголовков\OpenEXR</Filter>
    </ClInclude>
    <ClInclude Include="..\packages\openexr-msvc-x64.2.3.0.8788\build\native\include\OpenEXR\Iex.h">
      <Filter>Файлы заголовков\OpenEXR</Filter>
    </ClInclude>
    <ClInclude Include="..\packages\openexr-msvc-x64.2.3.0.8788\build\native\include\OpenEXR\IexBaseExc.h">
      <Filter>Файлы заголовков\OpenEXR</Filter>
    </ClInclude>
    <ClInclude Include="..\packages\openexr-msvc-x64.2.3.0.8788\build\native\include\OpenEXR\IexErrnoExc.h">
      <Filter>Файлы заголовков\OpenEXR</Filter>
    </ClInclude>
    <ClInclude Include="..\packages\openexr-msvc-x64.2.3.0.8788\build\native\include\OpenEXR\IexExport.h">
      <Filter>Файлы заголовков\OpenEXR</Filter>
    </ClInclude>
    <ClInclude Include="..\packages\openexr-msvc-x64.2.3.0.8788\build\native\include\OpenEXR\IexForward.h">
      <Filter>Файлы заголовков\OpenEXR</Filter>
    </ClInclude>
    <ClInclude Include="..\packages\openexr-msvc-x64.2.3.0.8788\build\native\include\OpenEXR\IexMacros.h">
      <Filter>Файлы заголовков\OpenEXR</Filter>
    </ClInclude>
    <ClInclude Include="..\packages\openexr-msvc-x64.2.3.0.8788\build\native\include\OpenEXR\IexMathExc.h">
      <Filter>Файлы заголовков\OpenEXR</Filter>
    </ClInclude>
    <ClInclude Include="..\packages\openexr-msvc-x64.2.3.0.8788\build\native\include\OpenEXR\IexMathFloatExc.h">
      <Filter>Файлы заголовков\OpenEXR</Filter>
    </ClInclude>
    <ClInclude Include="..\packages\openexr-msvc-x64.2.3.0.8788\build\native\include\OpenEXR\IexMathFpu.h">
      <Filter>Файлы заголовков\OpenEXR</Filter>
    </ClInclude>
    <ClInclude Include="..\packages\openexr-msvc-x64.2.3.0.8788\build\native\include\OpenEXR\IexMathIeeeExc.h">
      <Filter>Файлы заголовков\OpenEXR</Filter>
    </ClInclude>
    <ClInclude Include="..\packages\openexr-msvc-x64.2.3.0.8788\build\native\include\OpenEXR\IexNamespace.h">
      <Filter>Файлы заголовков\OpenEXR</Filter>
    </ClInclude>
    <ClInclude Include="..\packages\openexr-msvc-x64.2.3.0.8788\build\native\include\OpenEXR\IexThrowErrnoExc.h">
      <Filter>Файлы заголовков\OpenEXR</Filter>
    </ClInclude>
    <ClInclude Include="..\packages\openexr-msvc-x64.2.3.0.8788\build\native\include\OpenEXR\IlmBaseConfig.h">
      <Filter>Файлы заголовков\OpenEXR</Filter>
    </ClInclude>
    <ClInclude Include="..\packages\openexr-msvc-x64.2.3.0.8788\build\native\include\OpenEXR\IlmThread.h">
      <Filter>Файлы заголовков\OpenEXR</Filter>
    </ClInclude>
    <ClInclude Include="..\packages\openexr-msvc-x64.2.3.0.8788\build\native\include\OpenEXR\IlmThreadExport.h">
      <Filter>Файлы заголовков\OpenEXR</Filter>
    </ClInclude>
    <ClInclude Include="..\packages\openexr-msvc-x64.2.3.0.8788\build\native\include\OpenEXR\IlmThreadForward.h">
      <Filter>Файлы заголовков\OpenEXR</Filter>
    </ClInclude>
    <ClInclude Include="..\packages\openexr-msvc-x64.2.3.0.8788\build\native\include\OpenEXR\IlmThreadMutex.h">
      <Filter>Файлы заголовков\OpenEXR</Filter>
    </ClInclude>
    <ClInclude Include="..\packages\openexr-msvc-x64.2.3.0.8788\build\native\include\OpenEXR\IlmThreadNamespace.h">
      <Filter>Файлы заголовков\OpenEXR</Filter>
    </ClInclude>
    <ClInclude Include="..\packages\openexr-msvc-x64.2.3.0.8788\build\native\include\OpenEXR\IlmThreadPool.h">
      <Filter>Файлы заголовков\OpenEXR</Filter>
    </ClInclude>
    <ClInclude Include="..\packages\openexr-msvc-x64.2.3.0.8788\build\native\include\OpenEXR\IlmThreadSemaphore.h">
      <Filter>Файлы заголовков\OpenEXR</Filter>
    </ClInclude>
    <ClInclude Include="..\packages\openexr-msvc-x64.2.3.0.8788\build\native\include\OpenEXR\ImathBox.h">
      <Filter>Файлы заголовков\OpenEXR</Filter>
    </ClInclude>
    <ClInclude Include="..\packages\openexr-msvc-x64.2.3.0.8788\build\native\include\OpenEXR\ImathBoxAlgo.h">
      <Filter>Файлы заголовков\OpenEXR</Filter>
    </ClInclude>
    <ClInclude Include="..\packages\openexr-msvc-x64.2.3.0.8788\build\native\include\OpenEXR\ImathColor.h">
      <Filter>Файлы заголовков\OpenEXR</Filter>
    </ClInclude>
    <ClInclude Include="..\packages\openexr-msvc-x64.2.3.0.8788\build\native\include\OpenEXR\ImathColorAlgo.h">
      <Filter>Файлы заголовков\OpenEXR</Filter>
    </ClInclude>
    <ClInclude Include="..\packages\openexr-msvc-x64.2.3.0.8788\build\native\include\OpenEXR\ImathEuler.h">
      <Filter>Файлы заголовков\OpenEXR</Filter>
    </ClInclude>
    <ClInclude Include="..\packages\openexr-msvc-x64.2.3.0.8788\build\native\include\OpenEXR\ImathExc.h">
      <Filter>Файлы заголовков\OpenEXR</Filter>
    </ClInclude>
    <ClInclude Include="..\packages\openexr-msvc-x64.2.3.0.8788\build\native\include\OpenEXR\ImathExport.h">
      <Filter>Файлы заголовков\OpenEXR</Filter>
    </ClInclude>
    <ClInclude Include="..\packages\openexr-msvc-x64.2.3.0.8788\build\native\include\OpenEXR\ImathForward.h">
      <Filter>Файлы заголовков\OpenEXR</Filter>
    </ClInclude>
    <ClInclude Include="..\packages\openexr-msvc-x64.2.3.0.8788\build\native\include\OpenEXR\ImathFrame.h">
      <Filter>Файлы заголовков\OpenEXR</Filter>
    </ClInclude>
    <ClInclude Include="..\packages\openexr-msvc-x64.2.3.0.8788\build\native\include\OpenEXR\ImathFrustum.h">
      <Filter>Файлы заголовков\OpenEXR</Filter>
    </ClInclude>
    <ClInclude Include="..\packages\openexr-msvc-x64.2.3.0.8788\build\native\include\OpenEXR\ImathFrustumTest.h">
      <Filter>Файлы заголовков\OpenEXR</Filter>
    </ClInclude>
    <ClInclude Include="..\packages\openexr-msvc-x64.2.3.0.8788\build\native\include\OpenEXR\ImathFun.h">
      <Filter>Файлы заголовков\OpenEXR</Filter>
    </ClInclude>
    <ClInclude Include="..\packages\openexr-msvc-x64.2.3.0.8788\build\native\include\OpenEXR\ImathGL.h">
      <Filter>Файлы заголовков\OpenEXR</Filter>
    </ClInclude>
    <ClInclude Include="..\packages\openexr-msvc-x64.2.3.0.8788\build\native\include\OpenEXR\ImathGLU.h">
      <Filter>Файлы заголовков\OpenEXR</Filter>
    </ClInclude>
    <ClInclude Include="..\packages\openexr-msvc-x64.2.3.0.8788\build\native\include\OpenEXR\ImathHalfLimits.h">
      <Filter>Файлы заголовков\OpenEXR</Filter>
    </ClInclude>
    <ClInclude Include="..\packages\openexr-msvc-x64.2.3.0.8788\build\native\include\OpenEXR\ImathInt64.h">
      <Filter>Файлы заголовков\OpenEXR</Filter>
    </ClInclude>
    <ClInclude Include="..\packages\openexr-msvc-x64.2.3.0.8788\build\native\include\OpenEXR\ImathInterval.h">
      <Filter>Файлы заголовков\OpenEXR</Filter>
    </ClInclude>
    <ClInclude Include="..\packages\openexr-msvc-x64.2.3.0.8788\build\native\include\OpenEXR\ImathLimits.h">
      <Filter>Файлы заголовков\OpenEXR</Filter>
    </ClInclude>
    <ClInclude Include="..\packages\openexr-msvc-x64.2.3.0.8788\build\native\include\OpenEXR\ImathLine.h">
      <Filter>Файлы заголовков\OpenEXR</Filter>
    </ClInclude>
    <ClInclude Include="..\packages\openexr-msvc-x64.2.3.0.8788\build\native\include\OpenEXR\ImathLineAlgo.h">
      <Filter>Файлы заголовков\OpenEXR</Filter>
    </ClInclude>
    <ClInclude Include="..\packages\openexr-msvc-x64.2.3.0.8788\build\native\include\OpenEXR\ImathMath.h">
      <Filter>Файлы заголовков\OpenEXR</Filter>
    </ClInclude>
    <ClInclude Include="..\packages\openexr-msvc-x64.2.3.0.8788\build\native\include\OpenEXR\ImathMatrix.h">
      <Filter>Файлы заголовков\OpenEXR</Filter>
    </ClInclude>
    <ClInclude Include="..\packages\openexr-msvc-x64.2.3.0.8788\build\native\include\OpenEXR\ImathMatrixAlgo.h">
      <Filter>Файлы заголовков\OpenEXR</Filter>
    </ClInclude>
    <ClInclude Include="..\packages\openexr-msvc-x64.2.3.0.8788\build\native\include\OpenEXR\ImathNamespace.h">
      <Filter>Файлы заголовков\OpenEXR</Filter>
    </ClInclude>
    <ClInclude Include="..\packages\openexr-msvc-x64.2.3.0.8788\build\native\include\OpenEXR\ImathPlane.h">
      <Filter>Файлы заголовков\OpenEXR</Filter>
    </ClInclude>
    <ClInclude Include="..\packages\openexr-msvc-x64.2.3.0.8788\build\native\include\OpenEXR\ImathPlatform.h">
      <Filter>Файлы заголовков\OpenEXR</Filter>
    </ClInclude>
    <ClInclude Include="..\packages\openexr-msvc-x64.2.3.0.8788\build\native\include\OpenEXR\ImathQuat.h">
      <Filter>Файлы заголовков\OpenEXR</Filter>
    </ClInclude>
    <ClInclude Include="..\packages\openexr-msvc-x64.2.3.0.8788\build\native\include\OpenEXR\ImathRandom.h">
      <Filter>Файлы заголовков\OpenEXR</Filter>
    </ClInclude>
    <ClInclude Include="..\packages\openexr-msvc-x64.2.3.0.8788\build\native\include\OpenEXR\ImathRoots.h">
      <Filter>Файлы заголовков\OpenEXR</Filter>
    </ClInclude>
    <ClInclude Include="..\packages\openexr-msvc-x64.2.3.0.8788\build\native\include\OpenEXR\ImathShear.h">
      <Filter>Файлы заголовков\OpenEXR</Filter>
    </ClInclude>
    <ClInclude Include="..\packages\openexr-msvc-x64.2.3.0.8788\build\native\include\OpenEXR\ImathSphere.h">
      <Filter>Файлы заголовков\OpenEXR</Filter>
    </ClInclude>
    <ClInclude Include="..\packages\openexr-msvc-x64.2.3.0.8788\build\native\include\OpenEXR\ImathVec.h">
      <Filter>Файлы заголовков\OpenEXR</Filter>
    </ClInclude>
    <ClInclude Include="..\packages\openexr-msvc-x64.2.3.0.8788\build\native\include\OpenEXR\ImathVecAlgo.h">
      <Filter>Файлы заголовков\OpenEXR</Filter>
    </ClInclude>
    <ClInclude Include="..\packages\openexr-msvc-x64.2.3.0.8788\build\native\include\OpenEXR\ImfAcesFile.h">
      <Filter>Файлы заголовков\OpenEXR</Filter>
    </ClInclude>
    <ClInclude Include="..\packages\openexr-msvc-x64.2.3.0.8788\build\native\include\OpenEXR\ImfArray.h">
      <Filter>Файлы заголовков\OpenEXR</Filter>
    </ClInclude>
    <ClInclude Include="..\packages\openexr-msvc-x64.2.3.0.8788\build\native\include\OpenEXR\ImfAttribute.h">
      <Filter>Файлы заголовков\OpenEXR</Filter>
    </ClInclude>
    <ClInclude Include="..\packages\openexr-msvc-x64.2.3.0.8788\build\native\include\OpenEXR\ImfB44Compressor.h">
      <Filter>Файлы заголовков\OpenEXR</Filter>
    </ClInclude>
    <ClInclude Include="..\packages\openexr-msvc-x64.2.3.0.8788\build\native\include\OpenEXR\ImfBoxAttribute.h">
      <Filter>Файлы заголовков\OpenEXR</Filter>
    </ClInclude>
    <ClInclude Include="..\packages\openexr-msvc-x64.2.3.0.8788\build\native\include\OpenEXR\ImfChannelList.h">
      <Filter>Файлы заголовков\OpenEXR</Filter>
    </ClInclude>
    <ClInclude Include="..\packages\openexr-msvc-x64.2.3.0.8788\build\native\include\OpenEXR\ImfChannelListAttribute.h">
      <Filter>Файлы заголовков\OpenEXR</Filter>
    </ClInclude>
    <ClInclude Include="..\packages\openexr-msvc-x64.2.3.0.8788\build\native\include\OpenEXR\ImfChromaticities.h">
      <Filter>Файлы заголовков\OpenEXR</Filter>
    </ClInclude>
    <ClInclude Include="..\packages\openexr-msvc-x64.2.3.0.8788\build\native\include\OpenEXR\ImfChromaticitiesAttribute.h">
      <Filter>Файлы заголовков\OpenEXR</Filter>
    </ClInclude>
    <ClInclude Include="..\packages\openexr-msvc-x64.2.3.0.8788\build\native\include\OpenEXR\ImfCompositeDeepScanLine.h">
      <Filter>Файлы заголовков\OpenEXR</Filter>
    </ClInclude>
    <ClInclude Include="..\packages\openexr-msvc-x64.2.3.0.8788\build\native\include\OpenEXR\ImfCompression.h">
      <Filter>Файлы заголовков\OpenEXR</Filter>
    </ClInclude>
    <ClInclude Include="..\packages\openexr-msvc-x64.2.3.0.8788\build\native\include\OpenEXR\ImfCompressionAttribute.h">
      <Filter>Файлы заголовков\OpenEXR</Filter>
    </ClInclude>
    <ClInclude Include="..\packages\openexr-msvc-x64.2.3.0.8788\build\native\include\OpenEXR\ImfConvert.h">
      <Filter>Файлы заголовков\OpenEXR</Filter>
    </ClInclude>
    <ClInclude Include="..\packages\openexr-msvc-x64.2.3.0.8788\build\native\include\OpenEXR\ImfCRgbaFile.h">
      <Filter>Файлы заголовков\OpenEXR</Filter>
    </ClInclude>
    <ClInclude Include="..\packages\openexr-msvc-x64.2.3.0.8788\build\native\include\OpenEXR\ImfDeepCompositing.h">
      <Filter>Файлы заголовков\OpenEXR</Filter>
    </ClInclude>
    <ClInclude Include="..\packages\openexr-msvc-x64.2.3.0.8788\build\native\include\OpenEXR\ImfDeepFrameBuffer.h">
      <Filter>Файлы заголовков\OpenEXR</Filter>
    </ClInclude>
    <ClInclude Include="..\packages\openexr-msvc-x64.2.3.0.8788\build\native\include\OpenEXR\ImfDeepImage.h">
      <Filter>Файлы заголовков\OpenEXR</Filter>
    </ClInclude>
    <ClInclude Include="..\packages\openexr-msvc-x64.2.3.0.8788\build\native\include\OpenEXR\ImfDeepImageChannel.h">
      <Filter>Файлы заголовков\OpenEXR</Filter>
    </ClInclude>
    <ClInclude Include="..\packages\openexr-msvc-x64.2.3.0.8788\build\native\include\OpenEXR\ImfDeepImageIO.h">
      <Filter>Файлы заголовков\OpenEXR</Filter>
    </ClInclude>
    <ClInclude Include="..\packages\openexr-msvc-x64.2.3.0.8788\build\native\include\OpenEXR\ImfDeepImageLevel.h">
      <Filter>Файлы заголовков\OpenEXR</Filter>
    </ClInclude>
    <ClInclude Include="..\packages\openexr-msvc-x64.2.3.0.8788\build\native\include\OpenEXR\ImfDeepImageState.h">
      <Filter>Файлы заголовков\OpenEXR</Filter>
    </ClInclude>
    <ClInclude Include="..\packages\openexr-msvc-x64.2.3.0.8788\build\native\include\OpenEXR\ImfDeepImageStateAttribute.h">
      <Filter>Файлы заголовков\OpenEXR</Filter>
    </ClInclude>
    <ClInclude Include="..\packages\openexr-msvc-x64.2.3.0.8788\build\native\include\OpenEXR\ImfDeepScanLineInputFile.h">
      <Filter>Файлы заголовков\OpenEXR</Filter>
    </ClInclude>
    <ClInclude Include="..\packages\openexr-msvc-x64.2.3.0.8788\build\native\include\OpenEXR\ImfDeepScanLineInputPart.h">
      <Filter>Файлы заголовков\OpenEXR</Filter>
    </ClInclude>
    <ClInclude Include="..\packages\openexr-msvc-x64.2.3.0.8788\build\native\include\OpenEXR\ImfDeepScanLineOutputFile.h">
      <Filter>Файлы заголовков\OpenEXR</Filter>
    </ClInclude>
    <ClInclude Include="..\packages\openexr-msvc-x64.2.3.0.8788\build\native\include\OpenEXR\ImfDeepScanLineOutputPart.h">
      <Filter>Файлы заголовков\OpenEXR</Filter>
    </ClInclude>
    <ClInclude Include="..\packages\openexr-msvc-x64.2.3.0.8788\build\native\include\OpenEXR\ImfDeepTiledInputFile.h">
      <Filter>Файлы заголовков\OpenEXR</Filter>
    </ClInclude>
    <ClInclude Include="..\packages\openexr-msvc-x64.2.3.0.8788\build\native\include\OpenEXR\ImfDeepTiledInputPart.h">
      <Filter>Файлы заголовков\OpenEXR</Filter>
    </ClInclude>
    <ClInclude Include="..\packages\openexr-msvc-x64.2.3.0.8788\build\native\include\OpenEXR\ImfDeepTiledOutputFile.h">
      <Filter>Файлы заголовков\OpenEXR</Filter>
    </ClInclude>
    <ClInclude Include="..\packages\openexr-msvc-x64.2.3.0.8788\build\native\include\OpenEXR\ImfDeepTiledOutputPart.h">
      <Filter>Файлы заголовков\OpenEXR</Filter>
    </ClInclude>
    <ClInclude Include="..\packages\openexr-msvc-x64.2.3.0.8788\build\native\include\OpenEXR\ImfDoubleAttribute.h">
      <Filter>Файлы заголовков\OpenEXR</Filter>
    </ClInclude>
    <ClInclude Include="..\packages\openexr-msvc-x64.2.3.0.8788\build\native\include\OpenEXR\ImfEnvmap.h">
      <Filter>Файлы заголовков\OpenEXR</Filter>
    </ClInclude>
    <ClInclude Include="..\packages\openexr-msvc-x64.2.3.0.8788\build\native\include\OpenEXR\ImfEnvmapAttribute.h">
      <Filter>Файлы заголовков\OpenEXR</Filter>
    </ClInclude>
    <ClInclude Include="..\packages\openexr-msvc-x64.2.3.0.8788\build\native\include\OpenEXR\ImfExport.h">
      <Filter>Файлы заголовков\OpenEXR</Filter>
    </ClInclude>
    <ClInclude Include="..\packages\openexr-msvc-x64.2.3.0.8788\build\native\include\OpenEXR\ImfFlatImage.h">
      <Filter>Файлы заголовков\OpenEXR</Filter>
    </ClInclude>
    <ClInclude Include="..\packages\openexr-msvc-x64.2.3.0.8788\build\native\include\OpenEXR\ImfFlatImageChannel.h">
      <Filter>Файлы заголовков\OpenEXR</Filter>
    </ClInclude>
    <ClInclude Include="..\packages\openexr-msvc-x64.2.3.0.8788\build\native\include\OpenEXR\ImfFlatImageIO.h">
      <Filter>Файлы заголовков\OpenEXR</Filter>
    </ClInclude>
    <ClInclude Include="..\packages\openexr-msvc-x64.2.3.0.8788\build\native\include\OpenEXR\ImfFlatImageLevel.h">
      <Filter>Файлы заголовков\OpenEXR</Filter>
    </ClInclude>
    <ClInclude Include="..\packages\openexr-msvc-x64.2.3.0.8788\build\native\include\OpenEXR\ImfFloatAttribute.h">
      <Filter>Файлы заголовков\OpenEXR</Filter>
    </ClInclude>
    <ClInclude Include="..\packages\openexr-msvc-x64.2.3.0.8788\build\native\include\OpenEXR\ImfFloatVectorAttribute.h">
      <Filter>Файлы заголовков\OpenEXR</Filter>
    </ClInclude>
    <ClInclude Include="..\packages\openexr-msvc-x64.2.3.0.8788\build\native\include\OpenEXR\ImfForward.h">
      <Filter>Файлы заголовков\OpenEXR</Filter>
    </ClInclude>
    <ClInclude Include="..\packages\openexr-msvc-x64.2.3.0.8788\build\native\include\OpenEXR\ImfFrameBuffer.h">
      <Filter>Файлы заголовков\OpenEXR</Filter>
    </ClInclude>
    <ClInclude Include="..\packages\openexr-msvc-x64.2.3.0.8788\build\native\include\OpenEXR\ImfFramesPerSecond.h">
      <Filter>Файлы заголовков\OpenEXR</Filter>
    </ClInclude>
    <ClInclude Include="..\packages\openexr-msvc-x64.2.3.0.8788\build\native\include\OpenEXR\ImfGenericInputFile.h">
      <Filter>Файлы заголовков\OpenEXR</Filter>
    </ClInclude>
    <ClInclude Include="..\packages\openexr-msvc-x64.2.3.0.8788\build\native\include\OpenEXR\ImfGenericOutputFile.h">
      <Filter>Файлы заголовков\OpenEXR</Filter>
    </ClInclude>
    <ClInclude Include="..\packages\openexr-msvc-x64.2.3.0.8788\build\native\include\OpenEXR\ImfHeader.h">
      <Filter>Файлы заголовков\OpenEXR</Filter>
    </ClInclude>
    <ClInclude Include="..\packages\openexr-msvc-x64.2.3.0.8788\build\native\include\OpenEXR\ImfHuf.h">
      <Filter>Файлы заголовков\OpenEXR</Filter>
    </ClInclude>
    <ClInclude Include="..\packages\openexr-msvc-x64.2.3.0.8788\build\native\include\OpenEXR\ImfImage.h">
      <Filter>Файлы заголовков\OpenEXR</Filter>
    </ClInclude>
    <ClInclude Include="..\packages\openexr-msvc-x64.2.3.0.8788\build\native\include\OpenEXR\ImfImageChannel.h">
      <Filter>Файлы заголовков\OpenEXR</Filter>
    </ClInclude>
    <ClInclude Include="..\packages\openexr-msvc-x64.2.3.0.8788\build\native\include\OpenEXR\ImfImageChannelRenaming.h">
      <Filter>Файлы заголовков\OpenEXR</Filter>
    </ClInclude>
    <ClInclude Include="..\packages\openexr-msvc-x64.2.3.0.8788\build\native\include\OpenEXR\ImfImageDataWindow.h">
      <Filter>Файлы заголовков\OpenEXR</Filter>
    </ClInclude>
    <ClInclude Include="..\packages\openexr-msvc-x64.2.3.0.8788\build\native\include\OpenEXR\ImfImageIO.h">
      <Filter>Файлы заголовков\OpenEXR</Filter>
    </ClInclude>
    <ClInclude Include="..\packages\openexr-msvc-x64.2.3.0.8788\build\native\include\OpenEXR\ImfImageLevel.h">
      <Filter>Файлы заголовков\OpenEXR</Filter>
    </ClInclude>
    <ClInclude Include="..\packages\openexr-msvc-x64.2.3.0.8788\build\native\include\OpenEXR\ImfInputFile.h">
      <Filter>Файлы заголовков\OpenEXR</Filter>
    </ClInclude>
    <ClInclude Include="..\packages\openexr-msvc-x64.2.3.0.8788\build\native\include\OpenEXR\ImfInputPart.h">
      <Filter>Файлы заголовков\OpenEXR</Filter>
    </ClInclude>
    <ClInclude Include="..\packages\openexr-msvc-x64.2.3.0.8788\build\native\include\OpenEXR\ImfInt64.h">
      <Filter>Файлы заголовков\OpenEXR</Filter>
    </ClInclude>
    <ClInclude Include="..\packages\openexr-msvc-x64.2.3.0.8788\build\native\include\OpenEXR\ImfIntAttribute.h">
      <Filter>Файлы заголовков\OpenEXR</Filter>
    </ClInclude>
    <ClInclude Include="..\packages\openexr-msvc-x64.2.3.0.8788\build\native\include\OpenEXR\ImfIO.h">
      <Filter>Файлы заголовков\OpenEXR</Filter>
    </ClInclude>
    <ClInclude Include="..\packages\openexr-msvc-x64.2.3.0.8788\build\native\include\OpenEXR\ImfKeyCode.h">
      <Filter>Файлы заголовков\OpenEXR</Filter>
    </ClInclude>
    <ClInclude Include="..\packages\openexr-msvc-x64.2.3.0.8788\build\native\include\OpenEXR\ImfKeyCodeAttribute.h">
      <Filter>Файлы заголовков\OpenEXR</Filter>
    </ClInclude>
    <ClInclude Include="..\packages\openexr-msvc-x64.2.3.0.8788\build\native\include\OpenEXR\ImfLineOrder.h">
      <Filter>Файлы заголовков\OpenEXR</Filter>
    </ClInclude>
    <ClInclude Include="..\packages\openexr-msvc-x64.2.3.0.8788\build\native\include\OpenEXR\ImfLineOrderAttribute.h">
      <Filter>Файлы заголовков\OpenEXR</Filter>
    </ClInclude>
    <ClInclude Include="..\packages\openexr-msvc-x64.2.3.0.8788\build\native\include\OpenEXR\ImfLut.h">
      <Filter>Файлы заголовков\OpenEXR</Filter>
    </ClInclude>
    <ClInclude Include="..\packages\openexr-msvc-x64.2.3.0.8788\build\native\include\OpenEXR\ImfMatrixAttribute.h">
      <Filter>Файлы заголовков\OpenEXR</Filter>
    </ClInclude>
    <ClInclude Include="..\packages\openexr-msvc-x64.2.3.0.8788\build\native\include\OpenEXR\ImfMisc.h">
      <Filter>Файлы заголовков\OpenEXR</Filter>
    </ClInclude>
    <ClInclude Include="..\packages\openexr-msvc-x64.2.3.0.8788\build\native\include\OpenEXR\ImfMultiPartInputFile.h">
      <Filter>Файлы заголовков\OpenEXR</Filter>
    </ClInclude>
    <ClInclude Include="..\packages\openexr-msvc-x64.2.3.0.8788\build\native\include\OpenEXR\ImfMultiPartOutputFile.h">
      <Filter>Файлы заголовков\OpenEXR</Filter>
    </ClInclude>
    <ClInclude Include="..\packages\openexr-msvc-x64.2.3.0.8788\build\native\include\OpenEXR\ImfMultiView.h">
      <Filter>Файлы заголовков\OpenEXR</Filter>
    </ClInclude>
    <ClInclude Include="..\packages\openexr-msvc-x64.2.3.0.8788\build\native\include\OpenEXR\ImfName.h">
      <Filter>Файлы заголовков\OpenEXR</Filter>
    </ClInclude>
    <ClInclude Include="..\packages\openexr-msvc-x64.2.3.0.8788\build\native\include\OpenEXR\ImfNamespace.h">
      <Filter>Файлы заголовков\OpenEXR</Filter>
    </ClInclude>
    <ClInclude Include="..\packages\openexr-msvc-x64.2.3.0.8788\build\native\include\OpenEXR\ImfOpaqueAttribute.h">
      <Filter>Файлы заголовков\OpenEXR</Filter>
    </ClInclude>
    <ClInclude Include="..\packages\openexr-msvc-x64.2.3.0.8788\build\native\include\OpenEXR\ImfOutputFile.h">
      <Filter>Файлы заголовков\OpenEXR</Filter>
    </ClInclude>
    <ClInclude Include="..\packages\openexr-msvc-x64.2.3.0.8788\build\native\include\OpenEXR\ImfOutputPart.h">
      <Filter>Файлы заголовков\OpenEXR</Filter>
    </ClInclude>
    <ClInclude Include="..\packages\openexr-msvc-x64.2.3.0.8788\build\native\include\OpenEXR\ImfPartHelper.h">
      <Filter>Файлы заголовков\OpenEXR</Filter>
    </ClInclude>
    <ClInclude Include="..\packages\openexr-msvc-x64.2.3.0.8788\build\native\include\OpenEXR\ImfPartType.h">
      <Filter>Файлы заголовков\OpenEXR</Filter>
    </ClInclude>
    <ClInclude Include="..\packages\openexr-msvc-x64.2.3.0.8788\build\native\include\OpenEXR\ImfPixelType.h">
      <Filter>Файлы заголовков\OpenEXR</Filter>
    </ClInclude>
    <ClInclude Include="..\packages\openexr-msvc-x64.2.3.0.8788\build\native\include\OpenEXR\ImfPreviewImage.h">
      <Filter>Файлы заголовков\OpenEXR</Filter>
    </ClInclude>
    <ClInclude Include="..\packages\openexr-msvc-x64.2.3.0.8788\build\native\include\OpenEXR\ImfPreviewImageAttribute.h">
      <Filter>Файлы заголовков\OpenEXR</Filter>
    </ClInclude>
    <ClInclude Include="..\packages\openexr-msvc-x64.2.3.0.8788\build\native\include\OpenEXR\ImfRational.h">
      <Filter>Файлы заголовков\OpenEXR</Filter>
    </ClInclude>
    <ClInclude Include="..\packages\openexr-msvc-x64.2.3.0.8788\build\native\include\OpenEXR\ImfRationalAttribute.h">
      <Filter>Файлы заголовков\OpenEXR</Filter>
    </ClInclude>
    <ClInclude Include="..\packages\openexr-msvc-x64.2.3.0.8788\build\native\include\OpenEXR\ImfRgba.h">
      <Filter>Файлы заголовков\OpenEXR</Filter>
    </ClInclude>
    <ClInclude Include="..\packages\openexr-msvc-x64.2.3.0.8788\build\native\include\OpenEXR\ImfRgbaFile.h">
      <Filter>Файлы заголовков\OpenEXR</Filter>
    </ClInclude>
    <ClInclude Include="..\packages\openexr-msvc-x64.2.3.0.8788\build\native\include\OpenEXR\ImfRgbaYca.h">
      <Filter>Файлы заголовков\OpenEXR</Filter>
    </ClInclude>
    <ClInclude Include="..\packages\openexr-msvc-x64.2.3.0.8788\build\native\include\OpenEXR\ImfSampleCountChannel.h">
      <Filter>Файлы заголовков\OpenEXR</Filter>
    </ClInclude>
    <ClInclude Include="..\packages\openexr-msvc-x64.2.3.0.8788\build\native\include\OpenEXR\ImfStandardAttributes.h">
      <Filter>Файлы заголовков\OpenEXR</Filter>
    </ClInclude>
    <ClInclude Include="..\packages\openexr-msvc-x64.2.3.0.8788\build\native\include\OpenEXR\ImfStdIO.h">
      <Filter>Файлы заголовков\OpenEXR</Filter>
    </ClInclude>
    <ClInclude Include="..\packages\openexr-msvc-x64.2.3.0.8788\build\native\include\OpenEXR\ImfStringAttribute.h">
      <Filter>Файлы заголовков\OpenEXR</Filter>
    </ClInclude>
    <ClInclude Include="..\packages\openexr-msvc-x64.2.3.0.8788\build\native\include\OpenEXR\ImfStringVectorAttribute.h">
      <Filter>Файлы заголовков\OpenEXR</Filter>
    </ClInclude>
    <ClInclude Include="..\packages\openexr-msvc-x64.2.3.0.8788\build\native\include\OpenEXR\ImfTestFile.h">
      <Filter>Файлы заголовков\OpenEXR</Filter>
    </ClInclude>
    <ClInclude Include="..\packages\openexr-msvc-x64.2.3.0.8788\build\native\include\OpenEXR\ImfThreading.h">
      <Filter>Файлы заголовков\OpenEXR</Filter>
    </ClInclude>
    <ClInclude Include="..\packages\openexr-msvc-x64.2.3.0.8788\build\native\include\OpenEXR\ImfTileDescription.h">
      <Filter>Файлы заголовков\OpenEXR</Filter>
    </ClInclude>
    <ClInclude Include="..\packages\openexr-msvc-x64.2.3.0.8788\build\native\include\OpenEXR\ImfTileDescriptionAttribute.h">
      <Filter>Файлы заголовков\OpenEXR</Filter>
    </ClInclude>
    <ClInclude Include="..\packages\openexr-msvc-x64.2.3.0.8788\build\native\include\OpenEXR\ImfTiledInputFile.h">
      <Filter>Файлы заголовков\OpenEXR</Filter>
    </ClInclude>
    <ClInclude Include="..\packages\openexr-msvc-x64.2.3.0.8788\build\native\include\OpenEXR\ImfTiledInputPart.h">
      <Filter>Файлы заголовков\OpenEXR</Filter>
    </ClInclude>
    <ClInclude Include="..\packages\openexr-msvc-x64.2.3.0.8788\build\native\include\OpenEXR\ImfTiledOutputFile.h">
      <Filter>Файлы заголовков\OpenEXR</Filter>
    </ClInclude>
    <ClInclude Include="..\packages\openexr-msvc-x64.2.3.0.8788\build\native\include\OpenEXR\ImfTiledOutputPart.h">
      <Filter>Файлы заголовков\OpenEXR</Filter>
    </ClInclude>
    <ClInclude Include="..\packages\openexr-msvc-x64.2.3.0.8788\build\native\include\OpenEXR\ImfTiledRgbaFile.h">
      <Filter>Файлы заголовков\OpenEXR</Filter>
    </ClInclude>
    <ClInclude Include="..\packages\openexr-msvc-x64.2.3.0.8788\build\native\include\OpenEXR\ImfTimeCode.h">
      <Filter>Файлы заголовков\OpenEXR</Filter>
    </ClInclude>
    <ClInclude Include="..\packages\openexr-msvc-x64.2.3.0.8788\build\native\include\OpenEXR\ImfTimeCodeAttribute.h">
      <Filter>Файлы заголовков\OpenEXR</Filter>
    </ClInclude>
    <ClInclude Include="..\packages\openexr-msvc-x64.2.3.0.8788\build\native\include\OpenEXR\ImfUtilExport.h">
      <Filter>Файлы заголовков\OpenEXR</Filter>
    </ClInclude>
    <ClInclude Include="..\packages\openexr-msvc-x64.2.3.0.8788\build\native\include\OpenEXR\ImfVecAttribute.h">
      <Filter>Файлы заголовков\OpenEXR</Filter>
    </ClInclude>
    <ClInclude Include="..\packages\openexr-msvc-x64.2.3.0.8788\build\native\include\OpenEXR\ImfVersion.h">
      <Filter>Файлы заголовков\OpenEXR</Filter>
    </ClInclude>
    <ClInclude Include="..\packages\openexr-msvc-x64.2.3.0.8788\build\native\include\OpenEXR\ImfWav.h">
      <Filter>Файлы заголовков\OpenEXR</Filter>
    </ClInclude>
    <ClInclude Include="..\packages\openexr-msvc-x64.2.3.0.8788\build\native\include\OpenEXR\ImfXdr.h">
      <Filter>Файлы заголовков\OpenEXR</Filter>
    </ClInclude>
    <ClInclude Include="..\packages\openexr-msvc-x64.2.3.0.8788\build\native\include\OpenEXR\OpenEXRConfig.h">
      <Filter>Файлы заголовков\OpenEXR</Filter>
    </ClInclude>
    <ClInclude Include="resource.h">
      <Filter>Файлы заголовков</Filter>
    </ClInclude>
    <ClInclude Include="resource1.h">
      <Filter>Файлы заголовков</Filter>
    </ClInclude>
  </ItemGroup>
  <ItemGroup>
    <ResourceCompile Include="SKIV_CLI.rc">
      <Filter>Файлы ресурсов</Filter>
    </ResourceCompile>
  </ItemGroup>
</Project>